
Microsoft Visual Studio Solution File, Format Version 12.00
# Visual Studio Version 17
VisualStudioVersion = 17.5.33414.496
MinimumVisualStudioVersion = 10.0.40219.1
Project("{FAE04EC0-301F-11D3-BF4B-00C04F79EFBC}") = "ATM", "ATM\ATM.csproj", "{75BDD881-6E99-4439-BA8D-AC67411DE9B9}"
EndProject
Global
	GlobalSection(SolutionConfigurationPlatforms) = preSolution
		Debug|Any CPU = Debug|Any CPU
		Release|Any CPU = Release|Any CPU
	EndGlobalSection
	GlobalSection(ProjectConfigurationPlatforms) = postSolution
		{75BDD881-6E99-4439-BA8D-AC67411DE9B9}.Debug|Any CPU.ActiveCfg = Debug|Any CPU
		{75BDD881-6E99-4439-BA8D-AC67411DE9B9}.Debug|Any CPU.Build.0 = Debug|Any CPU
		{75BDD881-6E99-4439-BA8D-AC67411DE9B9}.Release|Any CPU.ActiveCfg = Release|Any CPU
		{75BDD881-6E99-4439-BA8D-AC67411DE9B9}.Release|Any CPU.Build.0 = Release|Any CPU
	EndGlobalSection
	GlobalSection(SolutionProperties) = preSolution
		HideSolutionNode = FALSE
	EndGlobalSection
	GlobalSection(ExtensibilityGlobals) = postSolution
		SolutionGuid = {F809D67C-546C-4553-A889-5B1A8FA98440}
	EndGlobalSection
EndGlobal
