
Microsoft Visual Studio Solution File, Format Version 12.00
# Visual Studio Version 17
VisualStudioVersion = 17.5.33414.496
MinimumVisualStudioVersion = 10.0.40219.1
Project("{9A19103F-16F7-4668-BE54-9A1E7A4F7556}") = "Exercise 5", "Homework 3\Exercise 5.csproj", "{26030720-939D-4A00-92FF-B60188640900}"
EndProject
Project("{9A19103F-16F7-4668-BE54-9A1E7A4F7556}") = "Exercise 6", "Exercise 6\Exercise 6.csproj", "{465208B1-0400-4DAC-B82F-8F19E90ADA0D}"
EndProject
Project("{FAE04EC0-301F-11D3-BF4B-00C04F79EFBC}") = "Exercise 7", "Exercise 7\Exercise 7.csproj", "{40D35EA3-4C71-4AB0-BF65-49FF0705571E}"
EndProject
Global
	GlobalSection(SolutionConfigurationPlatforms) = preSolution
		Debug|Any CPU = Debug|Any CPU
		Release|Any CPU = Release|Any CPU
	EndGlobalSection
	GlobalSection(ProjectConfigurationPlatforms) = postSolution
		{26030720-939D-4A00-92FF-B60188640900}.Debug|Any CPU.ActiveCfg = Debug|Any CPU
		{26030720-939D-4A00-92FF-B60188640900}.Debug|Any CPU.Build.0 = Debug|Any CPU
		{26030720-939D-4A00-92FF-B60188640900}.Release|Any CPU.ActiveCfg = Release|Any CPU
		{26030720-939D-4A00-92FF-B60188640900}.Release|Any CPU.Build.0 = Release|Any CPU
		{465208B1-0400-4DAC-B82F-8F19E90ADA0D}.Debug|Any CPU.ActiveCfg = Debug|Any CPU
		{465208B1-0400-4DAC-B82F-8F19E90ADA0D}.Debug|Any CPU.Build.0 = Debug|Any CPU
		{465208B1-0400-4DAC-B82F-8F19E90ADA0D}.Release|Any CPU.ActiveCfg = Release|Any CPU
		{465208B1-0400-4DAC-B82F-8F19E90ADA0D}.Release|Any CPU.Build.0 = Release|Any CPU
		{40D35EA3-4C71-4AB0-BF65-49FF0705571E}.Debug|Any CPU.ActiveCfg = Debug|Any CPU
		{40D35EA3-4C71-4AB0-BF65-49FF0705571E}.Debug|Any CPU.Build.0 = Debug|Any CPU
		{40D35EA3-4C71-4AB0-BF65-49FF0705571E}.Release|Any CPU.ActiveCfg = Release|Any CPU
		{40D35EA3-4C71-4AB0-BF65-49FF0705571E}.Release|Any CPU.Build.0 = Release|Any CPU
	EndGlobalSection
	GlobalSection(SolutionProperties) = preSolution
		HideSolutionNode = FALSE
	EndGlobalSection
	GlobalSection(ExtensibilityGlobals) = postSolution
		SolutionGuid = {832B4218-755D-49B4-8433-677D56F7EA37}
	EndGlobalSection
EndGlobal
