
Microsoft Visual Studio Solution File, Format Version 12.00
# Visual Studio Version 17
VisualStudioVersion = 17.5.33414.496
MinimumVisualStudioVersion = 10.0.40219.1
Project("{FAE04EC0-301F-11D3-BF4B-00C04F79EFBC}") = "RealCalculator", "Homework Class 2\RealCalculator.csproj", "{28EFC033-452B-4226-91E3-ED051DCC807A}"
EndProject
Project("{FAE04EC0-301F-11D3-BF4B-00C04F79EFBC}") = "AverageNumber", "AverageNumber\AverageNumber.csproj", "{9C72E37D-16DC-4C29-BBFB-B10D5128A820}"
EndProject
Project("{FAE04EC0-301F-11D3-BF4B-00C04F79EFBC}") = "SwapNumbers", "SwapNumbers\SwapNumbers.csproj", "{E7659E08-09FF-4AB4-84C9-681F4BB0A4C7}"
EndProject
Global
	GlobalSection(SolutionConfigurationPlatforms) = preSolution
		Debug|Any CPU = Debug|Any CPU
		Release|Any CPU = Release|Any CPU
	EndGlobalSection
	GlobalSection(ProjectConfigurationPlatforms) = postSolution
		{28EFC033-452B-4226-91E3-ED051DCC807A}.Debug|Any CPU.ActiveCfg = Debug|Any CPU
		{28EFC033-452B-4226-91E3-ED051DCC807A}.Debug|Any CPU.Build.0 = Debug|Any CPU
		{28EFC033-452B-4226-91E3-ED051DCC807A}.Release|Any CPU.ActiveCfg = Release|Any CPU
		{28EFC033-452B-4226-91E3-ED051DCC807A}.Release|Any CPU.Build.0 = Release|Any CPU
		{9C72E37D-16DC-4C29-BBFB-B10D5128A820}.Debug|Any CPU.ActiveCfg = Debug|Any CPU
		{9C72E37D-16DC-4C29-BBFB-B10D5128A820}.Debug|Any CPU.Build.0 = Debug|Any CPU
		{9C72E37D-16DC-4C29-BBFB-B10D5128A820}.Release|Any CPU.ActiveCfg = Release|Any CPU
		{9C72E37D-16DC-4C29-BBFB-B10D5128A820}.Release|Any CPU.Build.0 = Release|Any CPU
		{E7659E08-09FF-4AB4-84C9-681F4BB0A4C7}.Debug|Any CPU.ActiveCfg = Debug|Any CPU
		{E7659E08-09FF-4AB4-84C9-681F4BB0A4C7}.Debug|Any CPU.Build.0 = Debug|Any CPU
		{E7659E08-09FF-4AB4-84C9-681F4BB0A4C7}.Release|Any CPU.ActiveCfg = Release|Any CPU
		{E7659E08-09FF-4AB4-84C9-681F4BB0A4C7}.Release|Any CPU.Build.0 = Release|Any CPU
	EndGlobalSection
	GlobalSection(SolutionProperties) = preSolution
		HideSolutionNode = FALSE
	EndGlobalSection
	GlobalSection(ExtensibilityGlobals) = postSolution
		SolutionGuid = {64A93F55-2F1F-4B7B-940A-88ECD96EAF29}
	EndGlobalSection
EndGlobal
